
Microsoft Visual Studio Solution File, Format Version 12.00
# Visual Studio Version 17
VisualStudioVersion = 17.2.32616.157
MinimumVisualStudioVersion = 10.0.40219.1
Project("{FAE04EC0-301F-11D3-BF4B-00C04F79EFBC}") = "Odev_String", "Odev_String\Odev_String.csproj", "{52FB0862-D0AD-42B3-AC91-1E2146EA9E6E}"
EndProject
Global
	GlobalSection(SolutionConfigurationPlatforms) = preSolution
		Debug|Any CPU = Debug|Any CPU
		Release|Any CPU = Release|Any CPU
	EndGlobalSection
	GlobalSection(ProjectConfigurationPlatforms) = postSolution
		{52FB0862-D0AD-42B3-AC91-1E2146EA9E6E}.Debug|Any CPU.ActiveCfg = Debug|Any CPU
		{52FB0862-D0AD-42B3-AC91-1E2146EA9E6E}.Debug|Any CPU.Build.0 = Debug|Any CPU
		{52FB0862-D0AD-42B3-AC91-1E2146EA9E6E}.Release|Any CPU.ActiveCfg = Release|Any CPU
		{52FB0862-D0AD-42B3-AC91-1E2146EA9E6E}.Release|Any CPU.Build.0 = Release|Any CPU
	EndGlobalSection
	GlobalSection(SolutionProperties) = preSolution
		HideSolutionNode = FALSE
	EndGlobalSection
	GlobalSection(ExtensibilityGlobals) = postSolution
		SolutionGuid = {6D68EF4E-1006-468D-BEC0-448642FD81DD}
	EndGlobalSection
EndGlobal
